
Microsoft Visual Studio Solution File, Format Version 12.00
# Visual Studio Version 17
VisualStudioVersion = 17.11.35303.130
MinimumVisualStudioVersion = 10.0.40219.1
Project("{2150E333-8FDC-42A3-9474-1A3956D46DE8}") = "Task0", "Task0", "{18CC9F0A-D52C-4EE9-9470-6EFE02F259C5}"
EndProject
Project("{2150E333-8FDC-42A3-9474-1A3956D46DE8}") = "Task1", "Task1", "{58C7563D-E949-4694-A7F1-70433A62EA48}"
EndProject
Project("{2150E333-8FDC-42A3-9474-1A3956D46DE8}") = "Task2", "Task2", "{4B51EFBF-2F07-4070-B23D-87F1D6A6558E}"
EndProject
Project("{2150E333-8FDC-42A3-9474-1A3956D46DE8}") = "Task3", "Task3", "{C1E6CE40-C58E-43B4-B6C5-4E11DBAA68E7}"
EndProject
Project("{9A19103F-16F7-4668-BE54-9A1E7A4F7556}") = "Tyuiu.KhrapkoDD.Sprint1.Task3.V10.Test", "Tyuiu.KhrapkoDD.Sprint1.Task3.V10.Test\Tyuiu.KhrapkoDD.Sprint1.Task3.V10.Test.csproj", "{F9FECAB6-86B0-42B9-A7E3-6E6F61AF2620}"
EndProject
Project("{9A19103F-16F7-4668-BE54-9A1E7A4F7556}") = "Tyuiu.KhrapkoDD.Sprint1.Task3.V10.Lib", "Tyuiu.KhrapkoDD.Sprint1.Task3.V10.Lib\Tyuiu.KhrapkoDD.Sprint1.Task3.V10.Lib.csproj", "{1022F73C-D727-4020-91AB-800AFC658184}"
EndProject
Project("{2150E333-8FDC-42A3-9474-1A3956D46DE8}") = "Task4", "Task4", "{F4B3FA39-16CE-46FB-899A-BB35D7AC2AE1}"
EndProject
Project("{2150E333-8FDC-42A3-9474-1A3956D46DE8}") = "Task5", "Task5", "{B3C1164B-C33F-4840-BFF2-B1DEF2636E18}"
EndProject
Project("{2150E333-8FDC-42A3-9474-1A3956D46DE8}") = "Task6", "Task6", "{10AA126C-3953-40CA-92B2-65248C874F29}"
EndProject
Project("{2150E333-8FDC-42A3-9474-1A3956D46DE8}") = "Task7", "Task7", "{39574A18-6F07-44C5-A125-CDF85FEE84D1}"
EndProject
Project("{9A19103F-16F7-4668-BE54-9A1E7A4F7556}") = "Tyuiu.KhrapkoDD.Sprint1.Task4.V27", "Tyuiu.KhrapkoDD.Sprint1.Task4.V27\Tyuiu.KhrapkoDD.Sprint1.Task4.V27.csproj", "{18AB8679-D763-466A-97C1-0905D5B3D06A}"
EndProject
Project("{9A19103F-16F7-4668-BE54-9A1E7A4F7556}") = "Tyuiu.KhrapkoDD.Sprint1.Task4.V27.Lib", "Tyuiu.KhrapkoDD.Sprint1.Task4.V27.Lib\Tyuiu.KhrapkoDD.Sprint1.Task4.V27.Lib.csproj", "{602D31D2-C4DC-475C-937B-82ECAFD08EDD}"
EndProject
Project("{9A19103F-16F7-4668-BE54-9A1E7A4F7556}") = "Tyuiu.KhrapkoDD.Sprint1.Task4.V27.Test", "Tyuiu.KhrapkoDD.Sprint1.Task4.V27.Test\Tyuiu.KhrapkoDD.Sprint1.Task4.V27.Test.csproj", "{583BC0B5-C688-42F7-8221-D1C9C834F016}"
EndProject
Project("{9A19103F-16F7-4668-BE54-9A1E7A4F7556}") = "Tyuiu.KhrapkoDD.Sprint1.Task5.V6", "Tyuiu.KhrapkoDD.Sprint1.Task5.V6\Tyuiu.KhrapkoDD.Sprint1.Task5.V6.csproj", "{67507A09-76B2-44C0-9706-6142E1724E7F}"
EndProject
Project("{9A19103F-16F7-4668-BE54-9A1E7A4F7556}") = "Tyuiu.KhrapkoDD.Sprint1.Task5.V6.Lib", "Tyuiu.KhrapkoDD.Sprint1.Task5.V6.Lib\Tyuiu.KhrapkoDD.Sprint1.Task5.V6.Lib.csproj", "{0E854B0D-F571-4517-A240-974790F6E03A}"
EndProject
Project("{9A19103F-16F7-4668-BE54-9A1E7A4F7556}") = "Tyuiu.KhrapkoDD.Sprint1.Task5.V6.Test", "Tyuiu.KhrapkoDD.Sprint1.Task5.V6.Test\Tyuiu.KhrapkoDD.Sprint1.Task5.V6.Test.csproj", "{E2A9E753-FDC9-425C-863E-C09E9B40C922}"
EndProject
Project("{9A19103F-16F7-4668-BE54-9A1E7A4F7556}") = "Tyuiu.KhrapkoDD.Sprint1.Task6.V1", "Tyuiu.KhrapkoDD.Sprint1.Task6.V1\Tyuiu.KhrapkoDD.Sprint1.Task6.V1.csproj", "{0DA86A72-C5D5-4953-AE9A-EB4D88EC2E42}"
EndProject
Project("{9A19103F-16F7-4668-BE54-9A1E7A4F7556}") = "Tyuiu.KhrapkoDD.Sprint1.Task6.V1.Lib", "Tyuiu.KhrapkoDD.Sprint1.Task6.V1.Lib\Tyuiu.KhrapkoDD.Sprint1.Task6.V1.Lib.csproj", "{BABEAC0D-16B1-40DE-9A45-DA3B16D17E8F}"
EndProject
Project("{9A19103F-16F7-4668-BE54-9A1E7A4F7556}") = "Tyuiu.KhrapkoDD.Sprint1.Task6.V1.Test", "Tyuiu.KhrapkoDD.Sprint1.Task6.V1.Test\Tyuiu.KhrapkoDD.Sprint1.Task6.V1.Test.csproj", "{9A698580-EEEE-4BB1-93E7-B02BDBB18AA7}"
EndProject
Project("{9A19103F-16F7-4668-BE54-9A1E7A4F7556}") = "Tyuiu.KhrapkoDD.Sprint1.Task7.V18", "Tyuiu.KhrapkoDD.Sprint1.Task7.V18\Tyuiu.KhrapkoDD.Sprint1.Task7.V18.csproj", "{8C127008-F44E-4BBD-89DF-4D300CADB73C}"
EndProject
Project("{9A19103F-16F7-4668-BE54-9A1E7A4F7556}") = "Tyuiu.KhrapkoDD.Sprint1.Task7.V18.Lib", "Tyuiu.KhrapkoDD.Sprint1.Task7.V18.Lib\Tyuiu.KhrapkoDD.Sprint1.Task7.V18.Lib.csproj", "{3AC14C2C-1CB0-4B89-B826-DB253C3402D3}"
EndProject
Project("{9A19103F-16F7-4668-BE54-9A1E7A4F7556}") = "Tyuiu.KhrapkoDD.Sprint1.Task7.V18.Test", "Tyuiu.KhrapkoDD.Sprint1.Task7.V18.Test\Tyuiu.KhrapkoDD.Sprint1.Task7.V18.Test.csproj", "{C8A21DAE-0F47-426F-859D-803D558171E6}"
EndProject
Project("{9A19103F-16F7-4668-BE54-9A1E7A4F7556}") = "Tyuiu.KhrapkoDD.Sprint1.Task0.V13", "C:\Users\Данил\source\repos\Tyuiu.KhrapkoDD.Sprint1\Tyuiu.KhrapkoDD.Sprint1.Task0.V13\Tyuiu.KhrapkoDD.Sprint1.Task0.V13.csproj", "{F45DAF93-AEDE-447D-9E89-BAEED68D3757}"
EndProject
Project("{9A19103F-16F7-4668-BE54-9A1E7A4F7556}") = "Tyuiu.KhrapkoDD.Sprint1.Task0.V13.Lib", "C:\Users\Данил\source\repos\Tyuiu.KhrapkoDD.Sprint1\Tyuiu.KhrapkoDD.Sprint1.Task0.V13.Lib\Tyuiu.KhrapkoDD.Sprint1.Task0.V13.Lib.csproj", "{555834C4-5EBD-4B0E-A7CD-0599A829AA13}"
EndProject
Project("{9A19103F-16F7-4668-BE54-9A1E7A4F7556}") = "Tyuiu.KhrapkoDD.Sprint1.Task0.V13.Test", "C:\Users\Данил\source\repos\Tyuiu.KhrapkoDD.Sprint1\Tyuiu.KhrapkoDD.Sprint1.Task0.V13.Test\Tyuiu.KhrapkoDD.Sprint1.Task0.V13.Test.csproj", "{C2B0B243-6FB8-4540-8417-3009E9A6F57A}"
EndProject
Project("{9A19103F-16F7-4668-BE54-9A1E7A4F7556}") = "Tyuiu.KhrapkoDD.Sprint1.Task1.V3", "C:\Users\Данил\source\repos\Tyuiu.KhrapkoDD.Sprint1\Tyuiu.KhrapkoDD.Sprint1.Task1.V3\Tyuiu.KhrapkoDD.Sprint1.Task1.V3.csproj", "{F86331DD-8A18-4146-9812-E191CCDE6669}"
EndProject
Project("{9A19103F-16F7-4668-BE54-9A1E7A4F7556}") = "Tyuiu.KhrapkoDD.Sprint1.Task1.V3.Lib", "C:\Users\Данил\source\repos\Tyuiu.KhrapkoDD.Sprint1\Tyuiu.KhrapkoDD.Sprint1.Task1.V3.Lib\Tyuiu.KhrapkoDD.Sprint1.Task1.V3.Lib.csproj", "{7B5D2B38-B7CD-4F45-8A50-5A188D1E0127}"
EndProject
Project("{9A19103F-16F7-4668-BE54-9A1E7A4F7556}") = "Tyuiu.KhrapkoDD.Sprint1.Task1.V3.Test", "C:\Users\Данил\source\repos\Tyuiu.KhrapkoDD.Sprint1\Tyuiu.KhrapkoDD.Sprint1.Task1.V3.Test\Tyuiu.KhrapkoDD.Sprint1.Task1.V3.Test.csproj", "{F02BF313-7639-4E54-A55F-AF46966176C0}"
EndProject
Project("{9A19103F-16F7-4668-BE54-9A1E7A4F7556}") = "Tyuiu.KhrapkoDD.Sprint1.Task3.V10", "C:\Users\Данил\source\repos\Tyuiu.KhrapkoDD.Sprint1\Tyuiu.KhrapkoDD.Sprint1.Task3.V10\Tyuiu.KhrapkoDD.Sprint1.Task3.V10.csproj", "{14EF6233-9590-4207-AA02-BC6228D0ED4E}"
EndProject
Project("{9A19103F-16F7-4668-BE54-9A1E7A4F7556}") = "Tyuiu.KhrapkoDD.Sprint1.Task2.V15.Test", "Tyuiu.KhrapkoDD.Sprint1.Task2.V15.Test\Tyuiu.KhrapkoDD.Sprint1.Task2.V15.Test.csproj", "{4883C466-4B6B-4A3F-B3E4-953F96F05CBF}"
EndProject
Project("{9A19103F-16F7-4668-BE54-9A1E7A4F7556}") = "Tyuiu.KhrapkoDD.Sprint1.Task2.V15.Lib", "Tyuiu.KhrapkoDD.Sprint1.Task2.V15.Lib\Tyuiu.KhrapkoDD.Sprint1.Task2.V15.Lib.csproj", "{E94AF2A6-87B1-4161-A4AE-0849318DAD7D}"
EndProject
Project("{9A19103F-16F7-4668-BE54-9A1E7A4F7556}") = "Tyuiu.KhrapkoDD.Sprint1.Task2.V15", "Tyuiu.KhrapkoDD.Sprint1.Task2.V15\Tyuiu.KhrapkoDD.Sprint1.Task2.V15.csproj", "{8EB7DB41-2FC9-4E5B-85DB-5BE23948BA8F}"
EndProject
Global
	GlobalSection(SolutionConfigurationPlatforms) = preSolution
		Debug|Any CPU = Debug|Any CPU
		Release|Any CPU = Release|Any CPU
	EndGlobalSection
	GlobalSection(ProjectConfigurationPlatforms) = postSolution
		{F9FECAB6-86B0-42B9-A7E3-6E6F61AF2620}.Debug|Any CPU.ActiveCfg = Debug|Any CPU
		{F9FECAB6-86B0-42B9-A7E3-6E6F61AF2620}.Debug|Any CPU.Build.0 = Debug|Any CPU
		{F9FECAB6-86B0-42B9-A7E3-6E6F61AF2620}.Release|Any CPU.ActiveCfg = Release|Any CPU
		{F9FECAB6-86B0-42B9-A7E3-6E6F61AF2620}.Release|Any CPU.Build.0 = Release|Any CPU
		{1022F73C-D727-4020-91AB-800AFC658184}.Debug|Any CPU.ActiveCfg = Debug|Any CPU
		{1022F73C-D727-4020-91AB-800AFC658184}.Debug|Any CPU.Build.0 = Debug|Any CPU
		{1022F73C-D727-4020-91AB-800AFC658184}.Release|Any CPU.ActiveCfg = Release|Any CPU
		{1022F73C-D727-4020-91AB-800AFC658184}.Release|Any CPU.Build.0 = Release|Any CPU
		{18AB8679-D763-466A-97C1-0905D5B3D06A}.Debug|Any CPU.ActiveCfg = Debug|Any CPU
		{18AB8679-D763-466A-97C1-0905D5B3D06A}.Debug|Any CPU.Build.0 = Debug|Any CPU
		{18AB8679-D763-466A-97C1-0905D5B3D06A}.Release|Any CPU.ActiveCfg = Release|Any CPU
		{18AB8679-D763-466A-97C1-0905D5B3D06A}.Release|Any CPU.Build.0 = Release|Any CPU
		{602D31D2-C4DC-475C-937B-82ECAFD08EDD}.Debug|Any CPU.ActiveCfg = Debug|Any CPU
		{602D31D2-C4DC-475C-937B-82ECAFD08EDD}.Debug|Any CPU.Build.0 = Debug|Any CPU
		{602D31D2-C4DC-475C-937B-82ECAFD08EDD}.Release|Any CPU.ActiveCfg = Release|Any CPU
		{602D31D2-C4DC-475C-937B-82ECAFD08EDD}.Release|Any CPU.Build.0 = Release|Any CPU
		{583BC0B5-C688-42F7-8221-D1C9C834F016}.Debug|Any CPU.ActiveCfg = Debug|Any CPU
		{583BC0B5-C688-42F7-8221-D1C9C834F016}.Debug|Any CPU.Build.0 = Debug|Any CPU
		{583BC0B5-C688-42F7-8221-D1C9C834F016}.Release|Any CPU.ActiveCfg = Release|Any CPU
		{583BC0B5-C688-42F7-8221-D1C9C834F016}.Release|Any CPU.Build.0 = Release|Any CPU
		{67507A09-76B2-44C0-9706-6142E1724E7F}.Debug|Any CPU.ActiveCfg = Debug|Any CPU
		{67507A09-76B2-44C0-9706-6142E1724E7F}.Debug|Any CPU.Build.0 = Debug|Any CPU
		{67507A09-76B2-44C0-9706-6142E1724E7F}.Release|Any CPU.ActiveCfg = Release|Any CPU
		{67507A09-76B2-44C0-9706-6142E1724E7F}.Release|Any CPU.Build.0 = Release|Any CPU
		{0E854B0D-F571-4517-A240-974790F6E03A}.Debug|Any CPU.ActiveCfg = Debug|Any CPU
		{0E854B0D-F571-4517-A240-974790F6E03A}.Debug|Any CPU.Build.0 = Debug|Any CPU
		{0E854B0D-F571-4517-A240-974790F6E03A}.Release|Any CPU.ActiveCfg = Release|Any CPU
		{0E854B0D-F571-4517-A240-974790F6E03A}.Release|Any CPU.Build.0 = Release|Any CPU
		{E2A9E753-FDC9-425C-863E-C09E9B40C922}.Debug|Any CPU.ActiveCfg = Debug|Any CPU
		{E2A9E753-FDC9-425C-863E-C09E9B40C922}.Debug|Any CPU.Build.0 = Debug|Any CPU
		{E2A9E753-FDC9-425C-863E-C09E9B40C922}.Release|Any CPU.ActiveCfg = Release|Any CPU
		{E2A9E753-FDC9-425C-863E-C09E9B40C922}.Release|Any CPU.Build.0 = Release|Any CPU
		{0DA86A72-C5D5-4953-AE9A-EB4D88EC2E42}.Debug|Any CPU.ActiveCfg = Debug|Any CPU
		{0DA86A72-C5D5-4953-AE9A-EB4D88EC2E42}.Debug|Any CPU.Build.0 = Debug|Any CPU
		{0DA86A72-C5D5-4953-AE9A-EB4D88EC2E42}.Release|Any CPU.ActiveCfg = Release|Any CPU
		{0DA86A72-C5D5-4953-AE9A-EB4D88EC2E42}.Release|Any CPU.Build.0 = Release|Any CPU
		{BABEAC0D-16B1-40DE-9A45-DA3B16D17E8F}.Debug|Any CPU.ActiveCfg = Debug|Any CPU
		{BABEAC0D-16B1-40DE-9A45-DA3B16D17E8F}.Debug|Any CPU.Build.0 = Debug|Any CPU
		{BABEAC0D-16B1-40DE-9A45-DA3B16D17E8F}.Release|Any CPU.ActiveCfg = Release|Any CPU
		{BABEAC0D-16B1-40DE-9A45-DA3B16D17E8F}.Release|Any CPU.Build.0 = Release|Any CPU
		{9A698580-EEEE-4BB1-93E7-B02BDBB18AA7}.Debug|Any CPU.ActiveCfg = Debug|Any CPU
		{9A698580-EEEE-4BB1-93E7-B02BDBB18AA7}.Debug|Any CPU.Build.0 = Debug|Any CPU
		{9A698580-EEEE-4BB1-93E7-B02BDBB18AA7}.Release|Any CPU.ActiveCfg = Release|Any CPU
		{9A698580-EEEE-4BB1-93E7-B02BDBB18AA7}.Release|Any CPU.Build.0 = Release|Any CPU
		{8C127008-F44E-4BBD-89DF-4D300CADB73C}.Debug|Any CPU.ActiveCfg = Debug|Any CPU
		{8C127008-F44E-4BBD-89DF-4D300CADB73C}.Debug|Any CPU.Build.0 = Debug|Any CPU
		{8C127008-F44E-4BBD-89DF-4D300CADB73C}.Release|Any CPU.ActiveCfg = Release|Any CPU
		{8C127008-F44E-4BBD-89DF-4D300CADB73C}.Release|Any CPU.Build.0 = Release|Any CPU
		{3AC14C2C-1CB0-4B89-B826-DB253C3402D3}.Debug|Any CPU.ActiveCfg = Debug|Any CPU
		{3AC14C2C-1CB0-4B89-B826-DB253C3402D3}.Debug|Any CPU.Build.0 = Debug|Any CPU
		{3AC14C2C-1CB0-4B89-B826-DB253C3402D3}.Release|Any CPU.ActiveCfg = Release|Any CPU
		{3AC14C2C-1CB0-4B89-B826-DB253C3402D3}.Release|Any CPU.Build.0 = Release|Any CPU
		{C8A21DAE-0F47-426F-859D-803D558171E6}.Debug|Any CPU.ActiveCfg = Debug|Any CPU
		{C8A21DAE-0F47-426F-859D-803D558171E6}.Debug|Any CPU.Build.0 = Debug|Any CPU
		{C8A21DAE-0F47-426F-859D-803D558171E6}.Release|Any CPU.ActiveCfg = Release|Any CPU
		{C8A21DAE-0F47-426F-859D-803D558171E6}.Release|Any CPU.Build.0 = Release|Any CPU
		{F45DAF93-AEDE-447D-9E89-BAEED68D3757}.Debug|Any CPU.ActiveCfg = Debug|Any CPU
		{F45DAF93-AEDE-447D-9E89-BAEED68D3757}.Debug|Any CPU.Build.0 = Debug|Any CPU
		{F45DAF93-AEDE-447D-9E89-BAEED68D3757}.Release|Any CPU.ActiveCfg = Release|Any CPU
		{F45DAF93-AEDE-447D-9E89-BAEED68D3757}.Release|Any CPU.Build.0 = Release|Any CPU
		{555834C4-5EBD-4B0E-A7CD-0599A829AA13}.Debug|Any CPU.ActiveCfg = Debug|Any CPU
		{555834C4-5EBD-4B0E-A7CD-0599A829AA13}.Debug|Any CPU.Build.0 = Debug|Any CPU
		{555834C4-5EBD-4B0E-A7CD-0599A829AA13}.Release|Any CPU.ActiveCfg = Release|Any CPU
		{555834C4-5EBD-4B0E-A7CD-0599A829AA13}.Release|Any CPU.Build.0 = Release|Any CPU
		{C2B0B243-6FB8-4540-8417-3009E9A6F57A}.Debug|Any CPU.ActiveCfg = Debug|Any CPU
		{C2B0B243-6FB8-4540-8417-3009E9A6F57A}.Debug|Any CPU.Build.0 = Debug|Any CPU
		{C2B0B243-6FB8-4540-8417-3009E9A6F57A}.Release|Any CPU.ActiveCfg = Release|Any CPU
		{C2B0B243-6FB8-4540-8417-3009E9A6F57A}.Release|Any CPU.Build.0 = Release|Any CPU
		{F86331DD-8A18-4146-9812-E191CCDE6669}.Debug|Any CPU.ActiveCfg = Debug|Any CPU
		{F86331DD-8A18-4146-9812-E191CCDE6669}.Debug|Any CPU.Build.0 = Debug|Any CPU
		{F86331DD-8A18-4146-9812-E191CCDE6669}.Release|Any CPU.ActiveCfg = Release|Any CPU
		{F86331DD-8A18-4146-9812-E191CCDE6669}.Release|Any CPU.Build.0 = Release|Any CPU
		{7B5D2B38-B7CD-4F45-8A50-5A188D1E0127}.Debug|Any CPU.ActiveCfg = Debug|Any CPU
		{7B5D2B38-B7CD-4F45-8A50-5A188D1E0127}.Debug|Any CPU.Build.0 = Debug|Any CPU
		{7B5D2B38-B7CD-4F45-8A50-5A188D1E0127}.Release|Any CPU.ActiveCfg = Release|Any CPU
		{7B5D2B38-B7CD-4F45-8A50-5A188D1E0127}.Release|Any CPU.Build.0 = Release|Any CPU
		{F02BF313-7639-4E54-A55F-AF46966176C0}.Debug|Any CPU.ActiveCfg = Debug|Any CPU
		{F02BF313-7639-4E54-A55F-AF46966176C0}.Debug|Any CPU.Build.0 = Debug|Any CPU
		{F02BF313-7639-4E54-A55F-AF46966176C0}.Release|Any CPU.ActiveCfg = Release|Any CPU
		{F02BF313-7639-4E54-A55F-AF46966176C0}.Release|Any CPU.Build.0 = Release|Any CPU
		{14EF6233-9590-4207-AA02-BC6228D0ED4E}.Debug|Any CPU.ActiveCfg = Debug|Any CPU
		{14EF6233-9590-4207-AA02-BC6228D0ED4E}.Debug|Any CPU.Build.0 = Debug|Any CPU
		{14EF6233-9590-4207-AA02-BC6228D0ED4E}.Release|Any CPU.ActiveCfg = Release|Any CPU
		{14EF6233-9590-4207-AA02-BC6228D0ED4E}.Release|Any CPU.Build.0 = Release|Any CPU
		{4883C466-4B6B-4A3F-B3E4-953F96F05CBF}.Debug|Any CPU.ActiveCfg = Debug|Any CPU
		{4883C466-4B6B-4A3F-B3E4-953F96F05CBF}.Debug|Any CPU.Build.0 = Debug|Any CPU
		{4883C466-4B6B-4A3F-B3E4-953F96F05CBF}.Release|Any CPU.ActiveCfg = Release|Any CPU
		{4883C466-4B6B-4A3F-B3E4-953F96F05CBF}.Release|Any CPU.Build.0 = Release|Any CPU
		{E94AF2A6-87B1-4161-A4AE-0849318DAD7D}.Debug|Any CPU.ActiveCfg = Debug|Any CPU
		{E94AF2A6-87B1-4161-A4AE-0849318DAD7D}.Debug|Any CPU.Build.0 = Debug|Any CPU
		{E94AF2A6-87B1-4161-A4AE-0849318DAD7D}.Release|Any CPU.ActiveCfg = Release|Any CPU
		{E94AF2A6-87B1-4161-A4AE-0849318DAD7D}.Release|Any CPU.Build.0 = Release|Any CPU
		{8EB7DB41-2FC9-4E5B-85DB-5BE23948BA8F}.Debug|Any CPU.ActiveCfg = Debug|Any CPU
		{8EB7DB41-2FC9-4E5B-85DB-5BE23948BA8F}.Debug|Any CPU.Build.0 = Debug|Any CPU
		{8EB7DB41-2FC9-4E5B-85DB-5BE23948BA8F}.Release|Any CPU.ActiveCfg = Release|Any CPU
		{8EB7DB41-2FC9-4E5B-85DB-5BE23948BA8F}.Release|Any CPU.Build.0 = Release|Any CPU
	EndGlobalSection
	GlobalSection(SolutionProperties) = preSolution
		HideSolutionNode = FALSE
	EndGlobalSection
	GlobalSection(NestedProjects) = preSolution
		{F9FECAB6-86B0-42B9-A7E3-6E6F61AF2620} = {C1E6CE40-C58E-43B4-B6C5-4E11DBAA68E7}
		{1022F73C-D727-4020-91AB-800AFC658184} = {C1E6CE40-C58E-43B4-B6C5-4E11DBAA68E7}
		{18AB8679-D763-466A-97C1-0905D5B3D06A} = {F4B3FA39-16CE-46FB-899A-BB35D7AC2AE1}
		{602D31D2-C4DC-475C-937B-82ECAFD08EDD} = {F4B3FA39-16CE-46FB-899A-BB35D7AC2AE1}
		{583BC0B5-C688-42F7-8221-D1C9C834F016} = {F4B3FA39-16CE-46FB-899A-BB35D7AC2AE1}
		{67507A09-76B2-44C0-9706-6142E1724E7F} = {B3C1164B-C33F-4840-BFF2-B1DEF2636E18}
		{0E854B0D-F571-4517-A240-974790F6E03A} = {B3C1164B-C33F-4840-BFF2-B1DEF2636E18}
		{E2A9E753-FDC9-425C-863E-C09E9B40C922} = {B3C1164B-C33F-4840-BFF2-B1DEF2636E18}
		{0DA86A72-C5D5-4953-AE9A-EB4D88EC2E42} = {10AA126C-3953-40CA-92B2-65248C874F29}
		{BABEAC0D-16B1-40DE-9A45-DA3B16D17E8F} = {10AA126C-3953-40CA-92B2-65248C874F29}
		{9A698580-EEEE-4BB1-93E7-B02BDBB18AA7} = {10AA126C-3953-40CA-92B2-65248C874F29}
		{8C127008-F44E-4BBD-89DF-4D300CADB73C} = {39574A18-6F07-44C5-A125-CDF85FEE84D1}
		{3AC14C2C-1CB0-4B89-B826-DB253C3402D3} = {39574A18-6F07-44C5-A125-CDF85FEE84D1}
		{C8A21DAE-0F47-426F-859D-803D558171E6} = {39574A18-6F07-44C5-A125-CDF85FEE84D1}
		{F45DAF93-AEDE-447D-9E89-BAEED68D3757} = {18CC9F0A-D52C-4EE9-9470-6EFE02F259C5}
		{555834C4-5EBD-4B0E-A7CD-0599A829AA13} = {18CC9F0A-D52C-4EE9-9470-6EFE02F259C5}
		{C2B0B243-6FB8-4540-8417-3009E9A6F57A} = {18CC9F0A-D52C-4EE9-9470-6EFE02F259C5}
		{F86331DD-8A18-4146-9812-E191CCDE6669} = {58C7563D-E949-4694-A7F1-70433A62EA48}
		{7B5D2B38-B7CD-4F45-8A50-5A188D1E0127} = {58C7563D-E949-4694-A7F1-70433A62EA48}
		{F02BF313-7639-4E54-A55F-AF46966176C0} = {58C7563D-E949-4694-A7F1-70433A62EA48}
		{14EF6233-9590-4207-AA02-BC6228D0ED4E} = {C1E6CE40-C58E-43B4-B6C5-4E11DBAA68E7}
		{4883C466-4B6B-4A3F-B3E4-953F96F05CBF} = {4B51EFBF-2F07-4070-B23D-87F1D6A6558E}
		{E94AF2A6-87B1-4161-A4AE-0849318DAD7D} = {4B51EFBF-2F07-4070-B23D-87F1D6A6558E}
		{8EB7DB41-2FC9-4E5B-85DB-5BE23948BA8F} = {4B51EFBF-2F07-4070-B23D-87F1D6A6558E}
	EndGlobalSection
	GlobalSection(ExtensibilityGlobals) = postSolution
		SolutionGuid = {D060B863-9410-4211-8A05-A60AD81EA935}
	EndGlobalSection
EndGlobal
